
Microsoft Visual Studio Solution File, Format Version 12.00
# Visual Studio Version 17
VisualStudioVersion = 17.7.34202.233
MinimumVisualStudioVersion = 10.0.40219.1
Project("{9A19103F-16F7-4668-BE54-9A1E7A4F7556}") = "NB4DC3_HFT_2023241.Client", "NB4DC3_HFT_2023241.Client\NB4DC3_HFT_2023241.Client.csproj", "{670494A9-D31B-4E07-B6D1-9FBF2A084456}"
EndProject
Project("{9A19103F-16F7-4668-BE54-9A1E7A4F7556}") = "NB4DC3_HFT_2023241.Models", "NB4DC23_HFT_2023241.Models\NB4DC3_HFT_2023241.Models.csproj", "{456C077B-587D-463B-ACB4-95C0F89B991C}"
EndProject
Project("{9A19103F-16F7-4668-BE54-9A1E7A4F7556}") = "NB4DC3_HFT_2023241.Logic", "NB4DC3_HFT_2023241.Logic\NB4DC3_HFT_2023241.Logic.csproj", "{9168D1E3-F1EA-432C-AA15-324D75A9A8BE}"
EndProject
Project("{9A19103F-16F7-4668-BE54-9A1E7A4F7556}") = "NB4DC3_HFT_2023241.Repository", "NB4DC3_HFT_2023241.Repository\NB4DC3_HFT_2023241.Repository.csproj", "{92AB376D-3B76-4794-AD76-AD6ECED2E29C}"
EndProject
Project("{9A19103F-16F7-4668-BE54-9A1E7A4F7556}") = "NB4DC3_HFT_2023241.Test", "NB4DC3_HFT_2023241.Test\NB4DC3_HFT_2023241.Test.csproj", "{DF95B516-BB98-4499-A423-BC6240CF0C5B}"
EndProject
Project("{9A19103F-16F7-4668-BE54-9A1E7A4F7556}") = "NB4DC3_HFT_2023241.Endpoint", "NB4DC3_HFT_2023241.Endpoint\NB4DC3_HFT_2023241.Endpoint.csproj", "{C2A406E1-824A-4E4B-8E7E-56AA215F1D50}"
EndProject
Project("{2150E333-8FDC-42A3-9474-1A3956D46DE8}") = "Backend", "Backend", "{82CC389B-8768-4A5D-AEFA-7EACBE6EF942}"
EndProject
Project("{2150E333-8FDC-42A3-9474-1A3956D46DE8}") = "Frontend", "Frontend", "{6314D6F4-B01A-491D-A312-3375D6AEA2F3}"
EndProject
Project("{2150E333-8FDC-42A3-9474-1A3956D46DE8}") = "Shared", "Shared", "{68595A56-58E5-43B7-B05C-67495DCBD193}"
EndProject
Project("{2150E333-8FDC-42A3-9474-1A3956D46DE8}") = "Others", "Others", "{D8836F49-964E-427C-A301-A11E37E85C4D}"
EndProject
Project("{9A19103F-16F7-4668-BE54-9A1E7A4F7556}") = "NB4DC3_HFT_2023241.WpfClient", "NB4DC3_HFT_2023241.WpfClient\NB4DC3_HFT_2023241.WpfClient.csproj", "{4B2DF5A4-847D-4653-BDFA-680A774EDCFA}"
EndProject
Project("{FAE04EC0-301F-11D3-BF4B-00C04F79EFBC}") = "NB4DC3_HFT_2023241.JSClient", "NB4DC3_HFT_2023241.JSClient\NB4DC3_HFT_2023241.JSClient.csproj", "{5F995183-2F82-42F6-90B7-195E724E0EF3}"
EndProject
Global
	GlobalSection(SolutionConfigurationPlatforms) = preSolution
		Debug|Any CPU = Debug|Any CPU
		Release|Any CPU = Release|Any CPU
	EndGlobalSection
	GlobalSection(ProjectConfigurationPlatforms) = postSolution
		{670494A9-D31B-4E07-B6D1-9FBF2A084456}.Debug|Any CPU.ActiveCfg = Debug|Any CPU
		{670494A9-D31B-4E07-B6D1-9FBF2A084456}.Debug|Any CPU.Build.0 = Debug|Any CPU
		{670494A9-D31B-4E07-B6D1-9FBF2A084456}.Release|Any CPU.ActiveCfg = Release|Any CPU
		{670494A9-D31B-4E07-B6D1-9FBF2A084456}.Release|Any CPU.Build.0 = Release|Any CPU
		{456C077B-587D-463B-ACB4-95C0F89B991C}.Debug|Any CPU.ActiveCfg = Debug|Any CPU
		{456C077B-587D-463B-ACB4-95C0F89B991C}.Debug|Any CPU.Build.0 = Debug|Any CPU
		{456C077B-587D-463B-ACB4-95C0F89B991C}.Release|Any CPU.ActiveCfg = Release|Any CPU
		{456C077B-587D-463B-ACB4-95C0F89B991C}.Release|Any CPU.Build.0 = Release|Any CPU
		{9168D1E3-F1EA-432C-AA15-324D75A9A8BE}.Debug|Any CPU.ActiveCfg = Debug|Any CPU
		{9168D1E3-F1EA-432C-AA15-324D75A9A8BE}.Debug|Any CPU.Build.0 = Debug|Any CPU
		{9168D1E3-F1EA-432C-AA15-324D75A9A8BE}.Release|Any CPU.ActiveCfg = Release|Any CPU
		{9168D1E3-F1EA-432C-AA15-324D75A9A8BE}.Release|Any CPU.Build.0 = Release|Any CPU
		{92AB376D-3B76-4794-AD76-AD6ECED2E29C}.Debug|Any CPU.ActiveCfg = Debug|Any CPU
		{92AB376D-3B76-4794-AD76-AD6ECED2E29C}.Debug|Any CPU.Build.0 = Debug|Any CPU
		{92AB376D-3B76-4794-AD76-AD6ECED2E29C}.Release|Any CPU.ActiveCfg = Release|Any CPU
		{92AB376D-3B76-4794-AD76-AD6ECED2E29C}.Release|Any CPU.Build.0 = Release|Any CPU
		{DF95B516-BB98-4499-A423-BC6240CF0C5B}.Debug|Any CPU.ActiveCfg = Debug|Any CPU
		{DF95B516-BB98-4499-A423-BC6240CF0C5B}.Debug|Any CPU.Build.0 = Debug|Any CPU
		{DF95B516-BB98-4499-A423-BC6240CF0C5B}.Release|Any CPU.ActiveCfg = Release|Any CPU
		{DF95B516-BB98-4499-A423-BC6240CF0C5B}.Release|Any CPU.Build.0 = Release|Any CPU
		{C2A406E1-824A-4E4B-8E7E-56AA215F1D50}.Debug|Any CPU.ActiveCfg = Debug|Any CPU
		{C2A406E1-824A-4E4B-8E7E-56AA215F1D50}.Debug|Any CPU.Build.0 = Debug|Any CPU
		{C2A406E1-824A-4E4B-8E7E-56AA215F1D50}.Release|Any CPU.ActiveCfg = Release|Any CPU
		{C2A406E1-824A-4E4B-8E7E-56AA215F1D50}.Release|Any CPU.Build.0 = Release|Any CPU
		{4B2DF5A4-847D-4653-BDFA-680A774EDCFA}.Debug|Any CPU.ActiveCfg = Debug|Any CPU
		{4B2DF5A4-847D-4653-BDFA-680A774EDCFA}.Debug|Any CPU.Build.0 = Debug|Any CPU
		{4B2DF5A4-847D-4653-BDFA-680A774EDCFA}.Release|Any CPU.ActiveCfg = Release|Any CPU
		{4B2DF5A4-847D-4653-BDFA-680A774EDCFA}.Release|Any CPU.Build.0 = Release|Any CPU
		{5F995183-2F82-42F6-90B7-195E724E0EF3}.Debug|Any CPU.ActiveCfg = Debug|Any CPU
		{5F995183-2F82-42F6-90B7-195E724E0EF3}.Debug|Any CPU.Build.0 = Debug|Any CPU
		{5F995183-2F82-42F6-90B7-195E724E0EF3}.Release|Any CPU.ActiveCfg = Release|Any CPU
		{5F995183-2F82-42F6-90B7-195E724E0EF3}.Release|Any CPU.Build.0 = Release|Any CPU
	EndGlobalSection
	GlobalSection(SolutionProperties) = preSolution
		HideSolutionNode = FALSE
	EndGlobalSection
	GlobalSection(NestedProjects) = preSolution
		{670494A9-D31B-4E07-B6D1-9FBF2A084456} = {6314D6F4-B01A-491D-A312-3375D6AEA2F3}
		{456C077B-587D-463B-ACB4-95C0F89B991C} = {68595A56-58E5-43B7-B05C-67495DCBD193}
		{9168D1E3-F1EA-432C-AA15-324D75A9A8BE} = {82CC389B-8768-4A5D-AEFA-7EACBE6EF942}
		{92AB376D-3B76-4794-AD76-AD6ECED2E29C} = {82CC389B-8768-4A5D-AEFA-7EACBE6EF942}
		{DF95B516-BB98-4499-A423-BC6240CF0C5B} = {82CC389B-8768-4A5D-AEFA-7EACBE6EF942}
		{C2A406E1-824A-4E4B-8E7E-56AA215F1D50} = {82CC389B-8768-4A5D-AEFA-7EACBE6EF942}
		{4B2DF5A4-847D-4653-BDFA-680A774EDCFA} = {6314D6F4-B01A-491D-A312-3375D6AEA2F3}
	EndGlobalSection
	GlobalSection(ExtensibilityGlobals) = postSolution
		SolutionGuid = {7D4CA2DD-D65D-46E1-8639-73706A1DC975}
	EndGlobalSection
EndGlobal
